
Microsoft Visual Studio Solution File, Format Version 12.00
# Visual Studio 15
VisualStudioVersion = 15.0.28307.489
MinimumVisualStudioVersion = 10.0.40219.1
Project("{FAE04EC0-301F-11D3-BF4B-00C04F79EFBC}") = "Stegoanalysis", "Stegoanalysis\Stegoanalysis.csproj", "{89E9A197-683B-445F-9A35-57722F5DEE94}"
EndProject
Global
	GlobalSection(SolutionConfigurationPlatforms) = preSolution
		Debug|Any CPU = Debug|Any CPU
		Release|Any CPU = Release|Any CPU
	EndGlobalSection
	GlobalSection(ProjectConfigurationPlatforms) = postSolution
		{89E9A197-683B-445F-9A35-57722F5DEE94}.Debug|Any CPU.ActiveCfg = Debug|Any CPU
		{89E9A197-683B-445F-9A35-57722F5DEE94}.Debug|Any CPU.Build.0 = Debug|Any CPU
		{89E9A197-683B-445F-9A35-57722F5DEE94}.Release|Any CPU.ActiveCfg = Release|Any CPU
		{89E9A197-683B-445F-9A35-57722F5DEE94}.Release|Any CPU.Build.0 = Release|Any CPU
	EndGlobalSection
	GlobalSection(SolutionProperties) = preSolution
		HideSolutionNode = FALSE
	EndGlobalSection
	GlobalSection(ExtensibilityGlobals) = postSolution
		SolutionGuid = {40512FCE-517A-41D9-853C-B561F118305F}
	EndGlobalSection
EndGlobal
